{
  "name": "monacoeditor",
  "lockfileVersion": 2,
  "requires": true,
  "packages": {
    "": {
      "dependencies": {
        "primefaces": "^14.0.0"
      },
      "devDependencies": {
        "@types/jquery": "^3.5.32",
        "@types/node": "^22.9.1",
        "monaco-editor": "^0.52.0",
        "typescript": "^5.7.2"
      }
    },
    "node_modules/@egjs/hammerjs": {
      "version": "2.0.17",
      "resolved": "https://registry.npmjs.org/@egjs/hammerjs/-/hammerjs-2.0.17.tgz",
      "integrity": "sha512-XQsZgjm2EcVUiZQf11UBJQfmZeEmOW8DpI1gsFeln6w0ae0ii4dMQEQ0kjl6DspdWX1aGY1/loyXnP0JS06e/A==",
      "peer": true,
      "dependencies": {
        "@types/hammerjs": "^2.0.36"
      },
      "engines": {
        "node": ">=0.8.0"
      }
    },
    "node_modules/@fullcalendar/common": {
      "version": "5.11.5",
      "resolved": "https://registry.npmjs.org/@fullcalendar/common/-/common-5.11.5.tgz",
      "integrity": "sha512-3iAYiUbHXhjSVXnYWz27Od2cslztUPsOwiwKlfGvQxBixv2Kl6a8IPwaijKFYJHXdwYmfPoEgK7rvqAGVoIYwA==",
      "dependencies": {
        "tslib": "^2.1.0"
      }
    },
    "node_modules/@fullcalendar/core": {
      "version": "5.11.5",
      "resolved": "https://registry.npmjs.org/@fullcalendar/core/-/core-5.11.5.tgz",
      "integrity": "sha512-M/WQuq1+uUHxFDEIu2ib/aaPZ70VsRk2ITECo/WCLSLTVWcHPXwEg83reyP3G8JrMM4gRL4vScEHhX0U5aoNSw==",
      "dependencies": {
        "@fullcalendar/common": "~5.11.5",
        "preact": "~10.12.1",
        "tslib": "^2.1.0"
      }
    },
    "node_modules/@fullcalendar/daygrid": {
      "version": "5.11.5",
      "resolved": "https://registry.npmjs.org/@fullcalendar/daygrid/-/daygrid-5.11.5.tgz",
      "integrity": "sha512-hMpq0U3Nucys2jDD+crbkJCr+tVt3fDw04OE3fbpisuzqtrHxIzRmnUOdbWUjJQyToAAkt7UVUQ9E7hYdmvyGA==",
      "dependencies": {
        "@fullcalendar/common": "~5.11.5",
        "tslib": "^2.1.0"
      }
    },
    "node_modules/@fullcalendar/interaction": {
      "version": "5.11.5",
      "resolved": "https://registry.npmjs.org/@fullcalendar/interaction/-/interaction-5.11.5.tgz",
      "integrity": "sha512-Vg9uw8zKXZc2RP7it88U8R/kxJIQsK4pyv+s+RhlvT5NBZ9KLOh5y2xGCS4A4hyY7qLrzugxnKYlu6NwNqJ/RQ==",
      "dependencies": {
        "@fullcalendar/common": "~5.11.5",
        "tslib": "^2.1.0"
      }
    },
    "node_modules/@fullcalendar/list": {
      "version": "5.11.5",
      "resolved": "https://registry.npmjs.org/@fullcalendar/list/-/list-5.11.5.tgz",
      "integrity": "sha512-ZYMPT4CVt9tIYkVVNx7CKkB2xc+n9L56+vgXkurptgYgPsacXYkcpF/1Hy/B5LKlg0ROEF9Qfftjow8xjANqaA==",
      "dependencies": {
        "@fullcalendar/common": "~5.11.5",
        "tslib": "^2.1.0"
      }
    },
    "node_modules/@fullcalendar/moment": {
      "version": "5.11.5",
      "resolved": "https://registry.npmjs.org/@fullcalendar/moment/-/moment-5.11.5.tgz",
      "integrity": "sha512-7y0QN0RqWA5zgNxCrxscINPQLd36CyNO2LsYn7P+aDgca9UDY3Qw7zWDmB4KqfrHy0icTVx7/5LcU5bTxyyyRw==",
      "dependencies": {
        "@fullcalendar/common": "~5.11.5",
        "tslib": "^2.1.0"
      },
      "peerDependencies": {
        "moment": "^2.29.1"
      }
    },
    "node_modules/@fullcalendar/timegrid": {
      "version": "5.11.5",
      "resolved": "https://registry.npmjs.org/@fullcalendar/timegrid/-/timegrid-5.11.5.tgz",
      "integrity": "sha512-OEH5mrTclwxgUbb51N6qr7ifzNkR74ygUEFpiMLyyUjkp7a76N6BsAP5mBQnTOpTTUZBu9tAOmfcnvi7skUayQ==",
      "dependencies": {
        "@fullcalendar/common": "~5.11.5",
        "@fullcalendar/daygrid": "~5.11.5",
        "tslib": "^2.1.0"
      }
    },
    "node_modules/@melloware/coloris": {
      "version": "0.22.0",
      "resolved": "https://registry.npmjs.org/@melloware/coloris/-/coloris-0.22.0.tgz",
      "integrity": "sha512-i06nJM0xQrgOkLFUi8d+8mrJjvFgPrU/nTM9vtRGip/T6yHUFIrNV7QgCyps3dBkKVRP/CeJzAeAIvJBSTSbFQ=="
    },
    "node_modules/@types/chart.js": {
      "version": "2.9.41",
      "resolved": "https://registry.npmjs.org/@types/chart.js/-/chart.js-2.9.41.tgz",
      "integrity": "sha512-3dvkDvueckY83UyUXtJMalYoH6faOLkWQoaTlJgB4Djde3oORmNP0Jw85HtzTuXyliUHcdp704s0mZFQKio/KQ==",
      "dependencies": {
        "moment": "^2.10.2"
      }
    },
    "node_modules/@types/downloadjs": {
      "version": "1.4.6",
      "resolved": "https://registry.npmjs.org/@types/downloadjs/-/downloadjs-1.4.6.tgz",
      "integrity": "sha512-mp3w70vsaiLRT9ix92fmI9Ob2yJAPZm6tShJtofo2uHbN11G2i6a0ApIEjBl/kv3e9V7Pv7jMjk1bUwYWvMHvA=="
    },
    "node_modules/@types/google.maps": {
      "version": "3.55.4",
      "resolved": "https://registry.npmjs.org/@types/google.maps/-/google.maps-3.55.4.tgz",
      "integrity": "sha512-Ip3IfRs3RZjeC88V8FGnWQTQXeS5gkJedPSosN6DMi9Xs8buGTpsPq6UhREoZsGH+62VoQ6jiRBUR8R77If69w=="
    },
    "node_modules/@types/hammerjs": {
      "version": "2.0.45",
      "resolved": "https://registry.npmjs.org/@types/hammerjs/-/hammerjs-2.0.45.tgz",
      "integrity": "sha512-qkcUlZmX6c4J8q45taBKTL3p+LbITgyx7qhlPYOdOHZB7B31K0mXbP5YA7i7SgDeEGuI9MnumiKPEMrxg8j3KQ=="
    },
    "node_modules/@types/inputmask": {
      "version": "5.0.7",
      "resolved": "https://registry.npmjs.org/@types/inputmask/-/inputmask-5.0.7.tgz",
      "integrity": "sha512-uojbVPWzBQ/n/0jc/d16fLqmGasFIptbrLD2WrCPWArlk+5PgblOqH4EDkI3AoobXLAlOK5yF01V8jMmvMG5qg=="
    },
    "node_modules/@types/jquery": {
      "version": "3.5.32",
      "resolved": "https://registry.npmjs.org/@types/jquery/-/jquery-3.5.32.tgz",
      "integrity": "sha512-b9Xbf4CkMqS02YH8zACqN1xzdxc3cO735Qe5AbSUFmyOiaWAbcpqh9Wna+Uk0vgACvoQHpWDg2rGdHkYPLmCiQ==",
      "dependencies": {
        "@types/sizzle": "*"
      }
    },
    "node_modules/@types/jqueryui": {
      "version": "1.12.21",
      "resolved": "https://registry.npmjs.org/@types/jqueryui/-/jqueryui-1.12.21.tgz",
      "integrity": "sha512-hsTOaWPg963smNdoHbEN2anu4vVWj9k2xuaZMIajWERPikaBRG49RmaDA/tb2HldX9/a0qHvQYKipXHSLhM3qA==",
      "dependencies": {
        "@types/jquery": "*"
      }
    },
    "node_modules/@types/js-cookie": {
      "version": "3.0.6",
      "resolved": "https://registry.npmjs.org/@types/js-cookie/-/js-cookie-3.0.6.tgz",
      "integrity": "sha512-wkw9yd1kEXOPnvEeEV1Go1MmxtBJL0RR79aOTAApecWFVu7w0NNXNqhcWgvw2YgZDYadliXkl14pa3WXw5jlCQ=="
    },
    "node_modules/@types/node": {
      "version": "22.9.1",
      "resolved": "https://registry.npmjs.org/@types/node/-/node-22.9.1.tgz",
      "integrity": "sha512-p8Yy/8sw1caA8CdRIQBG5tiLHmxtQKObCijiAa9Ez+d4+PRffM4054xbju0msf+cvhJpnFEeNjxmVT/0ipktrg==",
      "dev": true,
      "dependencies": {
        "undici-types": "~6.19.8"
      }
    },
    "node_modules/@types/quill": {
      "version": "1.3.10",
      "resolved": "https://registry.npmjs.org/@types/quill/-/quill-1.3.10.tgz",
      "integrity": "sha512-IhW3fPW+bkt9MLNlycw8u8fWb7oO7W5URC9MfZYHBlA24rex9rs23D5DETChu1zvgVdc5ka64ICjJOgQMr6Shw==",
      "dependencies": {
        "parchment": "^1.1.2"
      }
    },
    "node_modules/@types/raphael": {
      "version": "2.3.9",
      "resolved": "https://registry.npmjs.org/@types/raphael/-/raphael-2.3.9.tgz",
      "integrity": "sha512-K1dZwoLNvEN+mvleFU/t2swG9Z4SE5Vub7dA5wDYojH0bVTQ8ZAP+lNsl91t1njdu/B+roSEL4QXC67I7Hpiag=="
    },
    "node_modules/@types/sizzle": {
      "version": "2.3.2",
      "resolved": "https://registry.npmjs.org/@types/sizzle/-/sizzle-2.3.2.tgz",
      "integrity": "sha512-7EJYyKTL7tFR8+gDbB6Wwz/arpGa0Mywk1TJbNzKzHtzbwVmY4HR9WqS5VV7dsBUKQmPNr192jHr/VpBluj/hg=="
    },
    "node_modules/autonumeric": {
      "version": "4.10.5",
      "resolved": "https://registry.npmjs.org/autonumeric/-/autonumeric-4.10.5.tgz",
      "integrity": "sha512-t7h1poYH37eVi/pDTdO0UBb8qk8A9gUHzABP/wUoqSw4w5aDFJr2gxfZPl+agta4ifb5OfBm4Bylv1G/dCC2zQ==",
      "funding": {
        "type": "patreon",
        "url": "https://www.patreon.com/AlexandreBonneau"
      }
    },
    "node_modules/commander": {
      "version": "2.20.3",
      "resolved": "https://registry.npmjs.org/commander/-/commander-2.20.3.tgz",
      "integrity": "sha512-GpVkmM8vF2vQUkj2LvZmD35JxeJOLCwJ9cUkugyk2nuhbv3+mJvpLYYt+0+USMxE+oj+ey/lJEnhZw75x/OMcQ=="
    },
    "node_modules/component-emitter": {
      "version": "1.3.1",
      "resolved": "https://registry.npmjs.org/component-emitter/-/component-emitter-1.3.1.tgz",
      "integrity": "sha512-T0+barUSQRTUQASh8bx02dl+DhF54GtIDY13Y3m9oWTklKbb3Wv974meRpeZ3lp1JpLVECWWNHC4vaG2XHXouQ==",
      "peer": true,
      "funding": {
        "url": "https://github.com/sponsors/sindresorhus"
      }
    },
    "node_modules/cropperjs": {
      "version": "1.6.1",
      "resolved": "https://registry.npmjs.org/cropperjs/-/cropperjs-1.6.1.tgz",
      "integrity": "sha512-F4wsi+XkDHCOMrHMYjrTEE4QBOrsHHN5/2VsVAaRq8P7E5z7xQpT75S+f/9WikmBEailas3+yo+6zPIomW+NOA=="
    },
    "node_modules/cssfilter": {
      "version": "0.0.10",
      "resolved": "https://registry.npmjs.org/cssfilter/-/cssfilter-0.0.10.tgz",
      "integrity": "sha512-FAaLDaplstoRsDR8XGYH51znUN0UY7nMc6Z9/fvE8EXGwvJE9hu7W2vHwx1+bd6gCYnln9nLbzxFTrcO9YQDZw=="
    },
    "node_modules/jsplumb": {
      "version": "2.15.6",
      "resolved": "https://registry.npmjs.org/jsplumb/-/jsplumb-2.15.6.tgz",
      "integrity": "sha512-sIpbpz5eMVM+vV+MQzFCidlaa1RsknrQs6LOTKYDjYUDdTAi2AN2bFi94TxB33TifcIsRNV1jebcaxg0tCoPzg=="
    },
    "node_modules/keycharm": {
      "version": "0.4.0",
      "resolved": "https://registry.npmjs.org/keycharm/-/keycharm-0.4.0.tgz",
      "integrity": "sha512-TyQTtsabOVv3MeOpR92sIKk/br9wxS+zGj4BG7CR8YbK4jM3tyIBaF0zhzeBUMx36/Q/iQLOKKOT+3jOQtemRQ==",
      "peer": true
    },
    "node_modules/moment": {
      "version": "2.30.1",
      "resolved": "https://registry.npmjs.org/moment/-/moment-2.30.1.tgz",
      "integrity": "sha512-uEmtNhbDOrWPFS+hdjFCBfy9f2YoyzRpwcl+DqpC6taX21FzsTLQVbMV/W7PzNSX6x/bhC1zA3c2UQ5NzH6how==",
      "engines": {
        "node": "*"
      }
    },
    "node_modules/moment-timezone": {
      "version": "0.5.45",
      "resolved": "https://registry.npmjs.org/moment-timezone/-/moment-timezone-0.5.45.tgz",
      "integrity": "sha512-HIWmqA86KcmCAhnMAN0wuDOARV/525R2+lOLotuGFzn4HO+FH+/645z2wx0Dt3iDv6/p61SIvKnDstISainhLQ==",
      "dependencies": {
        "moment": "^2.29.4"
      },
      "engines": {
        "node": "*"
      }
    },
    "node_modules/monaco-editor": {
      "version": "0.52.0",
      "resolved": "https://registry.npmjs.org/monaco-editor/-/monaco-editor-0.52.0.tgz",
      "integrity": "sha512-OeWhNpABLCeTqubfqLMXGsqf6OmPU6pHM85kF3dhy6kq5hnhuVS1p3VrEW/XhWHc71P2tHyS5JFySD8mgs1crw==",
      "dev": true
    },
    "node_modules/parchment": {
      "version": "1.1.4",
      "resolved": "https://registry.npmjs.org/parchment/-/parchment-1.1.4.tgz",
      "integrity": "sha512-J5FBQt/pM2inLzg4hEWmzQx/8h8D0CiDxaG3vyp9rKrQRSDgBlhjdP5jQGgosEajXPSQouXGHOmVdgo7QmJuOg=="
    },
    "node_modules/preact": {
      "version": "10.12.1",
      "resolved": "https://registry.npmjs.org/preact/-/preact-10.12.1.tgz",
      "integrity": "sha512-l8386ixSsBdbreOAkqtrwqHwdvR35ID8c3rKPa8lCWuO86dBi32QWHV4vfsZK1utLLFMvw+Z5Ad4XLkZzchscg==",
      "funding": {
        "type": "opencollective",
        "url": "https://opencollective.com/preact"
      }
    },
    "node_modules/primefaces": {
      "version": "14.0.0",
      "resolved": "https://registry.npmjs.org/primefaces/-/primefaces-14.0.0.tgz",
      "integrity": "sha512-yf1xRoEs8D5KafgqCzx7ogvKSXnJTEOS65+lkBJwO/740O36gmsIxBPao1+GLL3ly2JUDpuhGGTsMzm+0J0+/w==",
      "dependencies": {
        "@fullcalendar/common": "^5.11.5",
        "@fullcalendar/core": "^5.11.5",
        "@fullcalendar/daygrid": "^5.11.5",
        "@fullcalendar/interaction": "^5.11.5",
        "@fullcalendar/list": "^5.11.5",
        "@fullcalendar/moment": "^5.11.5",
        "@fullcalendar/timegrid": "^5.11.5",
        "@melloware/coloris": "^0.22.0",
        "@types/chart.js": "^2.9.41",
        "@types/downloadjs": "^1.4.6",
        "@types/google.maps": "^3.55.4",
        "@types/hammerjs": "^2.0.45",
        "@types/inputmask": "^5.0.7",
        "@types/jquery": "^3.5.29",
        "@types/jqueryui": "^1.12.21",
        "@types/js-cookie": "^3.0.6",
        "@types/quill": "~1.3.10",
        "@types/raphael": "^2.3.9",
        "autonumeric": "~4.10.5",
        "cropperjs": "^1.6.1",
        "jsplumb": "^2.15.6",
        "moment": "^2.30.1",
        "moment-timezone": "^0.5.45",
        "print-js": "^1.6.0",
        "vis-data": "^7.1.9",
        "vis-timeline": "^7.7.3",
        "vis-util": "^5.0.7",
        "xss": "^1.0.15"
      },
      "peerDependencies": {
        "@egjs/hammerjs": "*",
        "component-emitter": "*",
        "keycharm": "*",
        "propagating-hammerjs": "*",
        "uuid": "*"
      },
      "peerDependenciesMeta": {
        "@egjs/hammerjs": {
          "optional": true
        },
        "component-emitter": {
          "optional": true
        },
        "keycharm": {
          "optional": true
        },
        "propagating-hammerjs": {
          "optional": true
        },
        "uuid": {
          "optional": true
        }
      }
    },
    "node_modules/print-js": {
      "version": "1.6.0",
      "resolved": "https://registry.npmjs.org/print-js/-/print-js-1.6.0.tgz",
      "integrity": "sha512-BfnOIzSKbqGRtO4o0rnj/K3681BSd2QUrsIZy/+WdCIugjIswjmx3lDEZpXB2ruGf9d4b3YNINri81+J0FsBWg=="
    },
    "node_modules/propagating-hammerjs": {
      "version": "2.0.1",
      "resolved": "https://registry.npmjs.org/propagating-hammerjs/-/propagating-hammerjs-2.0.1.tgz",
      "integrity": "sha512-PH3zG5whbSxMocphXJzVtvKr+vWAgfkqVvtuwjSJ/apmEACUoiw6auBAT5HYXpZOR0eGcTAfYG5Yl8h91O5Elg==",
      "peer": true,
      "peerDependencies": {
        "@egjs/hammerjs": "^2.0.17"
      }
    },
    "node_modules/tslib": {
      "version": "2.6.2",
      "resolved": "https://registry.npmjs.org/tslib/-/tslib-2.6.2.tgz",
      "integrity": "sha512-AEYxH93jGFPn/a2iVAwW87VuUIkR1FVUKB77NwMF7nBTDkDrrT/Hpt/IrCJ0QXhW27jTBDcf5ZY7w6RiqTMw2Q=="
    },
    "node_modules/typescript": {
      "version": "5.7.2",
      "resolved": "https://registry.npmjs.org/typescript/-/typescript-5.7.2.tgz",
      "integrity": "sha512-i5t66RHxDvVN40HfDd1PsEThGNnlMCMT3jMUuoh9/0TaqWevNontacunWyN02LA9/fIbEWlcHZcgTKb9QoaLfg==",
      "dev": true,
      "bin": {
        "tsc": "bin/tsc",
        "tsserver": "bin/tsserver"
      },
      "engines": {
        "node": ">=14.17"
      }
    },
    "node_modules/undici-types": {
      "version": "6.19.8",
      "resolved": "https://registry.npmjs.org/undici-types/-/undici-types-6.19.8.tgz",
      "integrity": "sha512-ve2KP6f/JnbPBFyobGHuerC9g1FYGn/F8n1LWTwNxCEzd6IfqTwUQcNXgEtmmQ6DlRrC1hrSrBnCZPokRrDHjw==",
      "dev": true
    },
    "node_modules/uuid": {
      "version": "9.0.1",
      "resolved": "https://registry.npmjs.org/uuid/-/uuid-9.0.1.tgz",
      "integrity": "sha512-b+1eJOlsR9K8HJpow9Ok3fiWOWSIcIzXodvv0rQjVoOVNpWMpxf1wZNpt4y9h10odCNrqnYp1OBzRktckBe3sA==",
      "funding": [
        "https://github.com/sponsors/broofa",
        "https://github.com/sponsors/ctavan"
      ],
      "peer": true,
      "bin": {
        "uuid": "dist/bin/uuid"
      }
    },
    "node_modules/vis-data": {
      "version": "7.1.9",
      "resolved": "https://registry.npmjs.org/vis-data/-/vis-data-7.1.9.tgz",
      "integrity": "sha512-COQsxlVrmcRIbZMMTYwD+C2bxYCFDNQ2EHESklPiInbD/Pk3JZ6qNL84Bp9wWjYjAzXfSlsNaFtRk+hO9yBPWA==",
      "funding": {
        "type": "opencollective",
        "url": "https://opencollective.com/visjs"
      },
      "peerDependencies": {
        "uuid": "^3.4.0 || ^7.0.0 || ^8.0.0 || ^9.0.0",
        "vis-util": "^5.0.1"
      }
    },
    "node_modules/vis-timeline": {
      "version": "7.7.3",
      "resolved": "https://registry.npmjs.org/vis-timeline/-/vis-timeline-7.7.3.tgz",
      "integrity": "sha512-hGMzTttdOFWaw1PPlJuCXU2/4UjnsIxT684Thg9fV6YU1JuKZJs3s3BrJgZ4hO3gu5i1hsMe1YIi96o+eNT0jg==",
      "funding": {
        "type": "opencollective",
        "url": "https://opencollective.com/visjs"
      },
      "peerDependencies": {
        "@egjs/hammerjs": "^2.0.0",
        "component-emitter": "^1.3.0",
        "keycharm": "^0.2.0 || ^0.3.0 || ^0.4.0",
        "moment": "^2.24.0",
        "propagating-hammerjs": "^1.4.0 || ^2.0.0",
        "uuid": "^3.4.0 || ^7.0.0 || ^8.0.0 || ^9.0.0",
        "vis-data": "^6.3.0 || ^7.0.0",
        "vis-util": "^5.0.1",
        "xss": "^1.0.0"
      }
    },
    "node_modules/vis-util": {
      "version": "5.0.7",
      "resolved": "https://registry.npmjs.org/vis-util/-/vis-util-5.0.7.tgz",
      "integrity": "sha512-E3L03G3+trvc/X4LXvBfih3YIHcKS2WrP0XTdZefr6W6Qi/2nNCqZfe4JFfJU6DcQLm6Gxqj2Pfl+02859oL5A==",
      "engines": {
        "node": ">=8"
      },
      "funding": {
        "type": "opencollective",
        "url": "https://opencollective.com/visjs"
      },
      "peerDependencies": {
        "@egjs/hammerjs": "^2.0.0",
        "component-emitter": "^1.3.0 || ^2.0.0"
      }
    },
    "node_modules/xss": {
      "version": "1.0.15",
      "resolved": "https://registry.npmjs.org/xss/-/xss-1.0.15.tgz",
      "integrity": "sha512-FVdlVVC67WOIPvfOwhoMETV72f6GbW7aOabBC3WxN/oUdoEMDyLz4OgRv5/gck2ZeNqEQu+Tb0kloovXOfpYVg==",
      "dependencies": {
        "commander": "^2.20.3",
        "cssfilter": "0.0.10"
      },
      "bin": {
        "xss": "bin/xss"
      },
      "engines": {
        "node": ">= 0.10.0"
      }
    }
  },
  "dependencies": {
    "@egjs/hammerjs": {
      "version": "2.0.17",
      "resolved": "https://registry.npmjs.org/@egjs/hammerjs/-/hammerjs-2.0.17.tgz",
      "integrity": "sha512-XQsZgjm2EcVUiZQf11UBJQfmZeEmOW8DpI1gsFeln6w0ae0ii4dMQEQ0kjl6DspdWX1aGY1/loyXnP0JS06e/A==",
      "peer": true,
      "requires": {
        "@types/hammerjs": "^2.0.36"
      }
    },
    "@fullcalendar/common": {
      "version": "5.11.5",
      "resolved": "https://registry.npmjs.org/@fullcalendar/common/-/common-5.11.5.tgz",
      "integrity": "sha512-3iAYiUbHXhjSVXnYWz27Od2cslztUPsOwiwKlfGvQxBixv2Kl6a8IPwaijKFYJHXdwYmfPoEgK7rvqAGVoIYwA==",
      "requires": {
        "tslib": "^2.1.0"
      }
    },
    "@fullcalendar/core": {
      "version": "5.11.5",
      "resolved": "https://registry.npmjs.org/@fullcalendar/core/-/core-5.11.5.tgz",
      "integrity": "sha512-M/WQuq1+uUHxFDEIu2ib/aaPZ70VsRk2ITECo/WCLSLTVWcHPXwEg83reyP3G8JrMM4gRL4vScEHhX0U5aoNSw==",
      "requires": {
        "@fullcalendar/common": "~5.11.5",
        "preact": "~10.12.1",
        "tslib": "^2.1.0"
      }
    },
    "@fullcalendar/daygrid": {
      "version": "5.11.5",
      "resolved": "https://registry.npmjs.org/@fullcalendar/daygrid/-/daygrid-5.11.5.tgz",
      "integrity": "sha512-hMpq0U3Nucys2jDD+crbkJCr+tVt3fDw04OE3fbpisuzqtrHxIzRmnUOdbWUjJQyToAAkt7UVUQ9E7hYdmvyGA==",
      "requires": {
        "@fullcalendar/common": "~5.11.5",
        "tslib": "^2.1.0"
      }
    },
    "@fullcalendar/interaction": {
      "version": "5.11.5",
      "resolved": "https://registry.npmjs.org/@fullcalendar/interaction/-/interaction-5.11.5.tgz",
      "integrity": "sha512-Vg9uw8zKXZc2RP7it88U8R/kxJIQsK4pyv+s+RhlvT5NBZ9KLOh5y2xGCS4A4hyY7qLrzugxnKYlu6NwNqJ/RQ==",
      "requires": {
        "@fullcalendar/common": "~5.11.5",
        "tslib": "^2.1.0"
      }
    },
    "@fullcalendar/list": {
      "version": "5.11.5",
      "resolved": "https://registry.npmjs.org/@fullcalendar/list/-/list-5.11.5.tgz",
      "integrity": "sha512-ZYMPT4CVt9tIYkVVNx7CKkB2xc+n9L56+vgXkurptgYgPsacXYkcpF/1Hy/B5LKlg0ROEF9Qfftjow8xjANqaA==",
      "requires": {
        "@fullcalendar/common": "~5.11.5",
        "tslib": "^2.1.0"
      }
    },
    "@fullcalendar/moment": {
      "version": "5.11.5",
      "resolved": "https://registry.npmjs.org/@fullcalendar/moment/-/moment-5.11.5.tgz",
      "integrity": "sha512-7y0QN0RqWA5zgNxCrxscINPQLd36CyNO2LsYn7P+aDgca9UDY3Qw7zWDmB4KqfrHy0icTVx7/5LcU5bTxyyyRw==",
      "requires": {
        "@fullcalendar/common": "~5.11.5",
        "tslib": "^2.1.0"
      }
    },
    "@fullcalendar/timegrid": {
      "version": "5.11.5",
      "resolved": "https://registry.npmjs.org/@fullcalendar/timegrid/-/timegrid-5.11.5.tgz",
      "integrity": "sha512-OEH5mrTclwxgUbb51N6qr7ifzNkR74ygUEFpiMLyyUjkp7a76N6BsAP5mBQnTOpTTUZBu9tAOmfcnvi7skUayQ==",
      "requires": {
        "@fullcalendar/common": "~5.11.5",
        "@fullcalendar/daygrid": "~5.11.5",
        "tslib": "^2.1.0"
      }
    },
    "@melloware/coloris": {
      "version": "0.22.0",
      "resolved": "https://registry.npmjs.org/@melloware/coloris/-/coloris-0.22.0.tgz",
      "integrity": "sha512-i06nJM0xQrgOkLFUi8d+8mrJjvFgPrU/nTM9vtRGip/T6yHUFIrNV7QgCyps3dBkKVRP/CeJzAeAIvJBSTSbFQ=="
    },
    "@types/chart.js": {
      "version": "2.9.41",
      "resolved": "https://registry.npmjs.org/@types/chart.js/-/chart.js-2.9.41.tgz",
      "integrity": "sha512-3dvkDvueckY83UyUXtJMalYoH6faOLkWQoaTlJgB4Djde3oORmNP0Jw85HtzTuXyliUHcdp704s0mZFQKio/KQ==",
      "requires": {
        "moment": "^2.10.2"
      }
    },
    "@types/downloadjs": {
      "version": "1.4.6",
      "resolved": "https://registry.npmjs.org/@types/downloadjs/-/downloadjs-1.4.6.tgz",
      "integrity": "sha512-mp3w70vsaiLRT9ix92fmI9Ob2yJAPZm6tShJtofo2uHbN11G2i6a0ApIEjBl/kv3e9V7Pv7jMjk1bUwYWvMHvA=="
    },
    "@types/google.maps": {
      "version": "3.55.4",
      "resolved": "https://registry.npmjs.org/@types/google.maps/-/google.maps-3.55.4.tgz",
      "integrity": "sha512-Ip3IfRs3RZjeC88V8FGnWQTQXeS5gkJedPSosN6DMi9Xs8buGTpsPq6UhREoZsGH+62VoQ6jiRBUR8R77If69w=="
    },
    "@types/hammerjs": {
      "version": "2.0.45",
      "resolved": "https://registry.npmjs.org/@types/hammerjs/-/hammerjs-2.0.45.tgz",
      "integrity": "sha512-qkcUlZmX6c4J8q45taBKTL3p+LbITgyx7qhlPYOdOHZB7B31K0mXbP5YA7i7SgDeEGuI9MnumiKPEMrxg8j3KQ=="
    },
    "@types/inputmask": {
      "version": "5.0.7",
      "resolved": "https://registry.npmjs.org/@types/inputmask/-/inputmask-5.0.7.tgz",
      "integrity": "sha512-uojbVPWzBQ/n/0jc/d16fLqmGasFIptbrLD2WrCPWArlk+5PgblOqH4EDkI3AoobXLAlOK5yF01V8jMmvMG5qg=="
    },
    "@types/jquery": {
      "version": "3.5.32",
      "resolved": "https://registry.npmjs.org/@types/jquery/-/jquery-3.5.32.tgz",
      "integrity": "sha512-b9Xbf4CkMqS02YH8zACqN1xzdxc3cO735Qe5AbSUFmyOiaWAbcpqh9Wna+Uk0vgACvoQHpWDg2rGdHkYPLmCiQ==",
      "requires": {
        "@types/sizzle": "*"
      }
    },
    "@types/jqueryui": {
      "version": "1.12.21",
      "resolved": "https://registry.npmjs.org/@types/jqueryui/-/jqueryui-1.12.21.tgz",
      "integrity": "sha512-hsTOaWPg963smNdoHbEN2anu4vVWj9k2xuaZMIajWERPikaBRG49RmaDA/tb2HldX9/a0qHvQYKipXHSLhM3qA==",
      "requires": {
        "@types/jquery": "*"
      }
    },
    "@types/js-cookie": {
      "version": "3.0.6",
      "resolved": "https://registry.npmjs.org/@types/js-cookie/-/js-cookie-3.0.6.tgz",
      "integrity": "sha512-wkw9yd1kEXOPnvEeEV1Go1MmxtBJL0RR79aOTAApecWFVu7w0NNXNqhcWgvw2YgZDYadliXkl14pa3WXw5jlCQ=="
    },
    "@types/node": {
      "version": "22.9.1",
      "resolved": "https://registry.npmjs.org/@types/node/-/node-22.9.1.tgz",
      "integrity": "sha512-p8Yy/8sw1caA8CdRIQBG5tiLHmxtQKObCijiAa9Ez+d4+PRffM4054xbju0msf+cvhJpnFEeNjxmVT/0ipktrg==",
      "dev": true,
      "requires": {
        "undici-types": "~6.19.8"
      }
    },
    "@types/quill": {
      "version": "1.3.10",
      "resolved": "https://registry.npmjs.org/@types/quill/-/quill-1.3.10.tgz",
      "integrity": "sha512-IhW3fPW+bkt9MLNlycw8u8fWb7oO7W5URC9MfZYHBlA24rex9rs23D5DETChu1zvgVdc5ka64ICjJOgQMr6Shw==",
      "requires": {
        "parchment": "^1.1.2"
      }
    },
    "@types/raphael": {
      "version": "2.3.9",
      "resolved": "https://registry.npmjs.org/@types/raphael/-/raphael-2.3.9.tgz",
      "integrity": "sha512-K1dZwoLNvEN+mvleFU/t2swG9Z4SE5Vub7dA5wDYojH0bVTQ8ZAP+lNsl91t1njdu/B+roSEL4QXC67I7Hpiag=="
    },
    "@types/sizzle": {
      "version": "2.3.2",
      "resolved": "https://registry.npmjs.org/@types/sizzle/-/sizzle-2.3.2.tgz",
      "integrity": "sha512-7EJYyKTL7tFR8+gDbB6Wwz/arpGa0Mywk1TJbNzKzHtzbwVmY4HR9WqS5VV7dsBUKQmPNr192jHr/VpBluj/hg=="
    },
    "autonumeric": {
      "version": "4.10.5",
      "resolved": "https://registry.npmjs.org/autonumeric/-/autonumeric-4.10.5.tgz",
      "integrity": "sha512-t7h1poYH37eVi/pDTdO0UBb8qk8A9gUHzABP/wUoqSw4w5aDFJr2gxfZPl+agta4ifb5OfBm4Bylv1G/dCC2zQ=="
    },
    "commander": {
      "version": "2.20.3",
      "resolved": "https://registry.npmjs.org/commander/-/commander-2.20.3.tgz",
      "integrity": "sha512-GpVkmM8vF2vQUkj2LvZmD35JxeJOLCwJ9cUkugyk2nuhbv3+mJvpLYYt+0+USMxE+oj+ey/lJEnhZw75x/OMcQ=="
    },
    "component-emitter": {
      "version": "1.3.1",
      "resolved": "https://registry.npmjs.org/component-emitter/-/component-emitter-1.3.1.tgz",
      "integrity": "sha512-T0+barUSQRTUQASh8bx02dl+DhF54GtIDY13Y3m9oWTklKbb3Wv974meRpeZ3lp1JpLVECWWNHC4vaG2XHXouQ==",
      "peer": true
    },
    "cropperjs": {
      "version": "1.6.1",
      "resolved": "https://registry.npmjs.org/cropperjs/-/cropperjs-1.6.1.tgz",
      "integrity": "sha512-F4wsi+XkDHCOMrHMYjrTEE4QBOrsHHN5/2VsVAaRq8P7E5z7xQpT75S+f/9WikmBEailas3+yo+6zPIomW+NOA=="
    },
    "cssfilter": {
      "version": "0.0.10",
      "resolved": "https://registry.npmjs.org/cssfilter/-/cssfilter-0.0.10.tgz",
      "integrity": "sha512-FAaLDaplstoRsDR8XGYH51znUN0UY7nMc6Z9/fvE8EXGwvJE9hu7W2vHwx1+bd6gCYnln9nLbzxFTrcO9YQDZw=="
    },
    "jsplumb": {
      "version": "2.15.6",
      "resolved": "https://registry.npmjs.org/jsplumb/-/jsplumb-2.15.6.tgz",
      "integrity": "sha512-sIpbpz5eMVM+vV+MQzFCidlaa1RsknrQs6LOTKYDjYUDdTAi2AN2bFi94TxB33TifcIsRNV1jebcaxg0tCoPzg=="
    },
    "keycharm": {
      "version": "0.4.0",
      "resolved": "https://registry.npmjs.org/keycharm/-/keycharm-0.4.0.tgz",
      "integrity": "sha512-TyQTtsabOVv3MeOpR92sIKk/br9wxS+zGj4BG7CR8YbK4jM3tyIBaF0zhzeBUMx36/Q/iQLOKKOT+3jOQtemRQ==",
      "peer": true
    },
    "moment": {
      "version": "2.30.1",
      "resolved": "https://registry.npmjs.org/moment/-/moment-2.30.1.tgz",
      "integrity": "sha512-uEmtNhbDOrWPFS+hdjFCBfy9f2YoyzRpwcl+DqpC6taX21FzsTLQVbMV/W7PzNSX6x/bhC1zA3c2UQ5NzH6how=="
    },
    "moment-timezone": {
      "version": "0.5.45",
      "resolved": "https://registry.npmjs.org/moment-timezone/-/moment-timezone-0.5.45.tgz",
      "integrity": "sha512-HIWmqA86KcmCAhnMAN0wuDOARV/525R2+lOLotuGFzn4HO+FH+/645z2wx0Dt3iDv6/p61SIvKnDstISainhLQ==",
      "requires": {
        "moment": "^2.29.4"
      }
    },
    "monaco-editor": {
      "version": "0.52.0",
      "resolved": "https://registry.npmjs.org/monaco-editor/-/monaco-editor-0.52.0.tgz",
      "integrity": "sha512-OeWhNpABLCeTqubfqLMXGsqf6OmPU6pHM85kF3dhy6kq5hnhuVS1p3VrEW/XhWHc71P2tHyS5JFySD8mgs1crw==",
      "dev": true
    },
    "parchment": {
      "version": "1.1.4",
      "resolved": "https://registry.npmjs.org/parchment/-/parchment-1.1.4.tgz",
      "integrity": "sha512-J5FBQt/pM2inLzg4hEWmzQx/8h8D0CiDxaG3vyp9rKrQRSDgBlhjdP5jQGgosEajXPSQouXGHOmVdgo7QmJuOg=="
    },
    "preact": {
      "version": "10.12.1",
      "resolved": "https://registry.npmjs.org/preact/-/preact-10.12.1.tgz",
      "integrity": "sha512-l8386ixSsBdbreOAkqtrwqHwdvR35ID8c3rKPa8lCWuO86dBi32QWHV4vfsZK1utLLFMvw+Z5Ad4XLkZzchscg=="
    },
    "primefaces": {
      "version": "14.0.0",
      "resolved": "https://registry.npmjs.org/primefaces/-/primefaces-14.0.0.tgz",
      "integrity": "sha512-yf1xRoEs8D5KafgqCzx7ogvKSXnJTEOS65+lkBJwO/740O36gmsIxBPao1+GLL3ly2JUDpuhGGTsMzm+0J0+/w==",
      "requires": {
        "@fullcalendar/common": "^5.11.5",
        "@fullcalendar/core": "^5.11.5",
        "@fullcalendar/daygrid": "^5.11.5",
        "@fullcalendar/interaction": "^5.11.5",
        "@fullcalendar/list": "^5.11.5",
        "@fullcalendar/moment": "^5.11.5",
        "@fullcalendar/timegrid": "^5.11.5",
        "@melloware/coloris": "^0.22.0",
        "@types/chart.js": "^2.9.41",
        "@types/downloadjs": "^1.4.6",
        "@types/google.maps": "^3.55.4",
        "@types/hammerjs": "^2.0.45",
        "@types/inputmask": "^5.0.7",
        "@types/jquery": "^3.5.29",
        "@types/jqueryui": "^1.12.21",
        "@types/js-cookie": "^3.0.6",
        "@types/quill": "~1.3.10",
        "@types/raphael": "^2.3.9",
        "autonumeric": "~4.10.5",
        "cropperjs": "^1.6.1",
        "jsplumb": "^2.15.6",
        "moment": "^2.30.1",
        "moment-timezone": "^0.5.45",
        "print-js": "^1.6.0",
        "vis-data": "^7.1.9",
        "vis-timeline": "^7.7.3",
        "vis-util": "^5.0.7",
        "xss": "^1.0.15"
      }
    },
    "print-js": {
      "version": "1.6.0",
      "resolved": "https://registry.npmjs.org/print-js/-/print-js-1.6.0.tgz",
      "integrity": "sha512-BfnOIzSKbqGRtO4o0rnj/K3681BSd2QUrsIZy/+WdCIugjIswjmx3lDEZpXB2ruGf9d4b3YNINri81+J0FsBWg=="
    },
    "propagating-hammerjs": {
      "version": "2.0.1",
      "resolved": "https://registry.npmjs.org/propagating-hammerjs/-/propagating-hammerjs-2.0.1.tgz",
      "integrity": "sha512-PH3zG5whbSxMocphXJzVtvKr+vWAgfkqVvtuwjSJ/apmEACUoiw6auBAT5HYXpZOR0eGcTAfYG5Yl8h91O5Elg==",
      "peer": true,
      "requires": {}
    },
    "tslib": {
      "version": "2.6.2",
      "resolved": "https://registry.npmjs.org/tslib/-/tslib-2.6.2.tgz",
      "integrity": "sha512-AEYxH93jGFPn/a2iVAwW87VuUIkR1FVUKB77NwMF7nBTDkDrrT/Hpt/IrCJ0QXhW27jTBDcf5ZY7w6RiqTMw2Q=="
    },
    "typescript": {
      "version": "5.7.2",
      "resolved": "https://registry.npmjs.org/typescript/-/typescript-5.7.2.tgz",
      "integrity": "sha512-i5t66RHxDvVN40HfDd1PsEThGNnlMCMT3jMUuoh9/0TaqWevNontacunWyN02LA9/fIbEWlcHZcgTKb9QoaLfg==",
      "dev": true
    },
    "undici-types": {
      "version": "6.19.8",
      "resolved": "https://registry.npmjs.org/undici-types/-/undici-types-6.19.8.tgz",
      "integrity": "sha512-ve2KP6f/JnbPBFyobGHuerC9g1FYGn/F8n1LWTwNxCEzd6IfqTwUQcNXgEtmmQ6DlRrC1hrSrBnCZPokRrDHjw==",
      "dev": true
    },
    "uuid": {
      "version": "9.0.1",
      "resolved": "https://registry.npmjs.org/uuid/-/uuid-9.0.1.tgz",
      "integrity": "sha512-b+1eJOlsR9K8HJpow9Ok3fiWOWSIcIzXodvv0rQjVoOVNpWMpxf1wZNpt4y9h10odCNrqnYp1OBzRktckBe3sA==",
      "peer": true
    },
    "vis-data": {
      "version": "7.1.9",
      "resolved": "https://registry.npmjs.org/vis-data/-/vis-data-7.1.9.tgz",
      "integrity": "sha512-COQsxlVrmcRIbZMMTYwD+C2bxYCFDNQ2EHESklPiInbD/Pk3JZ6qNL84Bp9wWjYjAzXfSlsNaFtRk+hO9yBPWA==",
      "requires": {}
    },
    "vis-timeline": {
      "version": "7.7.3",
      "resolved": "https://registry.npmjs.org/vis-timeline/-/vis-timeline-7.7.3.tgz",
      "integrity": "sha512-hGMzTttdOFWaw1PPlJuCXU2/4UjnsIxT684Thg9fV6YU1JuKZJs3s3BrJgZ4hO3gu5i1hsMe1YIi96o+eNT0jg==",
      "requires": {}
    },
    "vis-util": {
      "version": "5.0.7",
      "resolved": "https://registry.npmjs.org/vis-util/-/vis-util-5.0.7.tgz",
      "integrity": "sha512-E3L03G3+trvc/X4LXvBfih3YIHcKS2WrP0XTdZefr6W6Qi/2nNCqZfe4JFfJU6DcQLm6Gxqj2Pfl+02859oL5A==",
      "requires": {}
    },
    "xss": {
      "version": "1.0.15",
      "resolved": "https://registry.npmjs.org/xss/-/xss-1.0.15.tgz",
      "integrity": "sha512-FVdlVVC67WOIPvfOwhoMETV72f6GbW7aOabBC3WxN/oUdoEMDyLz4OgRv5/gck2ZeNqEQu+Tb0kloovXOfpYVg==",
      "requires": {
        "commander": "^2.20.3",
        "cssfilter": "0.0.10"
      }
    }
  }
}
