{
  "name": "monacoeditor",
  "lockfileVersion": 2,
  "requires": true,
  "packages": {
    "": {
      "dependencies": {
        "primefaces": "^10.0.0"
      },
      "devDependencies": {
        "@types/jquery": "^3.5.6",
        "monaco-editor": "^0.27.0",
        "typescript": "^4.4.2"
      }
    },
    "node_modules/@egjs/hammerjs": {
      "version": "2.0.17",
      "resolved": "https://registry.npmjs.org/@egjs/hammerjs/-/hammerjs-2.0.17.tgz",
      "integrity": "sha512-XQsZgjm2EcVUiZQf11UBJQfmZeEmOW8DpI1gsFeln6w0ae0ii4dMQEQ0kjl6DspdWX1aGY1/loyXnP0JS06e/A==",
      "peer": true,
      "dependencies": {
        "@types/hammerjs": "^2.0.36"
      },
      "engines": {
        "node": ">=0.8.0"
      }
    },
    "node_modules/@fullcalendar/common": {
      "version": "5.9.0",
      "resolved": "https://registry.npmjs.org/@fullcalendar/common/-/common-5.9.0.tgz",
      "integrity": "sha512-wfUDRg53gzUU7Ng1wqjvvM2ncFx+5PiyCq5k2KjEbMourv7m4Zw6B3xlhpQbfUv3WOnbJgwLLNLFEMcsEJpXBQ==",
      "dependencies": {
        "tslib": "^2.1.0"
      }
    },
    "node_modules/@fullcalendar/core": {
      "version": "5.9.0",
      "resolved": "https://registry.npmjs.org/@fullcalendar/core/-/core-5.9.0.tgz",
      "integrity": "sha512-3+zSm8ykXqM2vEGYp4P/BEoR2TB0W9mN6zBGZ6SY9y0nC+Fc0+ZXJmFlYmrEYSdO4kmREnlxntkp1+o9mu8PIQ==",
      "dependencies": {
        "@fullcalendar/common": "~5.9.0",
        "preact": "^10.0.5",
        "tslib": "^2.1.0"
      }
    },
    "node_modules/@fullcalendar/daygrid": {
      "version": "5.9.0",
      "resolved": "https://registry.npmjs.org/@fullcalendar/daygrid/-/daygrid-5.9.0.tgz",
      "integrity": "sha512-yTYjTM+bjTWfq5uUnSMBH4j1il+b0IAAe+q2UcAeky4iggwn9pi+taUtETtlPTQCSBSWaF8TuEZ3+apB0RrjyQ==",
      "dependencies": {
        "@fullcalendar/common": "~5.9.0",
        "tslib": "^2.1.0"
      }
    },
    "node_modules/@fullcalendar/interaction": {
      "version": "5.9.0",
      "resolved": "https://registry.npmjs.org/@fullcalendar/interaction/-/interaction-5.9.0.tgz",
      "integrity": "sha512-bBvcY3Mh2z4rP5AqB8dL76SljPEVCVawNmdQlcKShedhxvkkMR1zMcJ3sgabLBvXqooC9f+PbmEb5LlSGEse3A==",
      "dependencies": {
        "@fullcalendar/common": "~5.9.0",
        "tslib": "^2.1.0"
      }
    },
    "node_modules/@fullcalendar/list": {
      "version": "5.9.0",
      "resolved": "https://registry.npmjs.org/@fullcalendar/list/-/list-5.9.0.tgz",
      "integrity": "sha512-bpekkh0RNitVgX33Y3dsorcUEs2E+KJ5qQaH26FNwYShVi1RmqQ7CDNVqIXKiAJwBWMjNJv8xHayTv01XYbmTA==",
      "dependencies": {
        "@fullcalendar/common": "~5.9.0",
        "tslib": "^2.1.0"
      }
    },
    "node_modules/@fullcalendar/moment": {
      "version": "5.9.0",
      "resolved": "https://registry.npmjs.org/@fullcalendar/moment/-/moment-5.9.0.tgz",
      "integrity": "sha512-kfB5X5NTrWL0cDeFH8NWiLHDahnz4528mbaoxHw+UZGDYE6YDVtp6v0IO69RfJG6W2oNLCwX8cWV5Wkq7i9Aig==",
      "dependencies": {
        "@fullcalendar/common": "~5.9.0",
        "tslib": "^2.1.0"
      },
      "peerDependencies": {
        "moment": "^2.29.1"
      }
    },
    "node_modules/@fullcalendar/timegrid": {
      "version": "5.9.0",
      "resolved": "https://registry.npmjs.org/@fullcalendar/timegrid/-/timegrid-5.9.0.tgz",
      "integrity": "sha512-X9JLepHz6hSuiziVkIlgBkx/W/5E4nIqJ6i0LISk3zPFH/Arn0QjQU345ISys8OTwezPUgJvLGrl4Yy4/gRULw==",
      "dependencies": {
        "@fullcalendar/common": "~5.9.0",
        "@fullcalendar/daygrid": "~5.9.0",
        "tslib": "^2.1.0"
      }
    },
    "node_modules/@types/chart.js": {
      "version": "2.9.34",
      "resolved": "https://registry.npmjs.org/@types/chart.js/-/chart.js-2.9.34.tgz",
      "integrity": "sha512-CtZVk+kh1IN67dv+fB0CWmCLCRrDJgqOj15qPic2B1VCMovNO6B7Vhf/TgPpNscjhAL1j+qUntDMWb9A4ZmPTg==",
      "dependencies": {
        "moment": "^2.10.2"
      }
    },
    "node_modules/@types/downloadjs": {
      "version": "1.4.2",
      "resolved": "https://registry.npmjs.org/@types/downloadjs/-/downloadjs-1.4.2.tgz",
      "integrity": "sha512-9UWO+nrRhwyKcFe45SFc98sWI8RGwpVwtZiZzi0W/dWdrp1SiUWFNANLlAXZb5QCMFDbeRiAQEhRn5btLd4a4w=="
    },
    "node_modules/@types/googlemaps": {
      "version": "3.43.3",
      "resolved": "https://registry.npmjs.org/@types/googlemaps/-/googlemaps-3.43.3.tgz",
      "integrity": "sha512-ZWNoz/O8MPEpiajvj7QiqCY8tTLFNqNZ/a+s+zTV58wFVNAvvqV4bdGfnsjTb5Cs4V6wEsLrX8XRhmnyYJ2Tdg==",
      "deprecated": "Types for the Google Maps browser API have moved to @types/google.maps. Note: these types are not for the googlemaps npm package, which is a Node API."
    },
    "node_modules/@types/hammerjs": {
      "version": "2.0.40",
      "resolved": "https://registry.npmjs.org/@types/hammerjs/-/hammerjs-2.0.40.tgz",
      "integrity": "sha512-VbjwR1fhsn2h2KXAY4oy1fm7dCxaKy0D+deTb8Ilc3Eo3rc5+5eA4rfYmZaHgNJKxVyI0f6WIXzO2zLkVmQPHA=="
    },
    "node_modules/@types/inputmask": {
      "version": "5.0.1",
      "resolved": "https://registry.npmjs.org/@types/inputmask/-/inputmask-5.0.1.tgz",
      "integrity": "sha512-pV43uU+Tm//GlLV+tXE0DhDWPvqi/sJBW8Y9BetK8LWo+o39ldVEo649R23Oypl/AIGsZasPlOgr/liR64oCoA=="
    },
    "node_modules/@types/jquery": {
      "version": "3.5.6",
      "resolved": "https://registry.npmjs.org/@types/jquery/-/jquery-3.5.6.tgz",
      "integrity": "sha512-SmgCQRzGPId4MZQKDj9Hqc6kSXFNWZFHpELkyK8AQhf8Zr6HKfCzFv9ZC1Fv3FyQttJZOlap3qYb12h61iZAIg==",
      "dependencies": {
        "@types/sizzle": "*"
      }
    },
    "node_modules/@types/jqueryui": {
      "version": "1.12.16",
      "resolved": "https://registry.npmjs.org/@types/jqueryui/-/jqueryui-1.12.16.tgz",
      "integrity": "sha512-6huAQDpNlso9ayaUT9amBOA3kj02OCeUWs+UvDmbaJmwkHSg/HLsQOoap/D5uveN9ePwl72N45Bl+Frp5xyG1Q==",
      "dependencies": {
        "@types/jquery": "*"
      }
    },
    "node_modules/@types/js-cookie": {
      "version": "2.2.7",
      "resolved": "https://registry.npmjs.org/@types/js-cookie/-/js-cookie-2.2.7.tgz",
      "integrity": "sha512-aLkWa0C0vO5b4Sr798E26QgOkss68Un0bLjs7u9qxzPT5CG+8DuNTffWES58YzJs3hrVAOs1wonycqEBqNJubA=="
    },
    "node_modules/@types/quill": {
      "version": "1.3.10",
      "resolved": "https://registry.npmjs.org/@types/quill/-/quill-1.3.10.tgz",
      "integrity": "sha512-IhW3fPW+bkt9MLNlycw8u8fWb7oO7W5URC9MfZYHBlA24rex9rs23D5DETChu1zvgVdc5ka64ICjJOgQMr6Shw==",
      "dependencies": {
        "parchment": "^1.1.2"
      }
    },
    "node_modules/@types/raphael": {
      "version": "2.3.2",
      "resolved": "https://registry.npmjs.org/@types/raphael/-/raphael-2.3.2.tgz",
      "integrity": "sha512-RbEkYHuQbb2LYN0MN+Gk3CN3y0122uTLI41z8l62BFhnxS/ylVkZT2D1PLdmLTu5itV1iHh9SF+kDomY3DrZig=="
    },
    "node_modules/@types/sizzle": {
      "version": "2.3.2",
      "resolved": "https://registry.npmjs.org/@types/sizzle/-/sizzle-2.3.2.tgz",
      "integrity": "sha512-7EJYyKTL7tFR8+gDbB6Wwz/arpGa0Mywk1TJbNzKzHtzbwVmY4HR9WqS5VV7dsBUKQmPNr192jHr/VpBluj/hg=="
    },
    "node_modules/autonumeric": {
      "version": "4.6.0",
      "resolved": "https://registry.npmjs.org/autonumeric/-/autonumeric-4.6.0.tgz",
      "integrity": "sha512-bYnD2oD9UMZBTxSWcvXH1MTcp0w+CUBfXe4HI1QJLGzJu+O27Ny5gqzRcFuDsZB9jrZ5SJjqAG0PieJsaUdTcg==",
      "hasInstallScript": true
    },
    "node_modules/commander": {
      "version": "2.20.3",
      "resolved": "https://registry.npmjs.org/commander/-/commander-2.20.3.tgz",
      "integrity": "sha512-GpVkmM8vF2vQUkj2LvZmD35JxeJOLCwJ9cUkugyk2nuhbv3+mJvpLYYt+0+USMxE+oj+ey/lJEnhZw75x/OMcQ==",
      "peer": true
    },
    "node_modules/component-emitter": {
      "version": "1.3.0",
      "resolved": "https://registry.npmjs.org/component-emitter/-/component-emitter-1.3.0.tgz",
      "integrity": "sha512-Rd3se6QB+sO1TwqZjscQrurpEPIfO0/yYnSin6Q/rD3mOutHvUrCAhJub3r90uNb+SESBuE0QYoB90YdfatsRg==",
      "peer": true
    },
    "node_modules/cropperjs": {
      "version": "1.5.12",
      "resolved": "https://registry.npmjs.org/cropperjs/-/cropperjs-1.5.12.tgz",
      "integrity": "sha512-re7UdjE5UnwdrovyhNzZ6gathI4Rs3KGCBSc8HCIjUo5hO42CtzyblmWLj6QWVw7huHyDMfpKxhiO2II77nhDw=="
    },
    "node_modules/cssfilter": {
      "version": "0.0.10",
      "resolved": "https://registry.npmjs.org/cssfilter/-/cssfilter-0.0.10.tgz",
      "integrity": "sha1-xtJnJjKi5cg+AT5oZKQs6N79IK4=",
      "peer": true
    },
    "node_modules/jsplumb": {
      "version": "2.15.6",
      "resolved": "https://registry.npmjs.org/jsplumb/-/jsplumb-2.15.6.tgz",
      "integrity": "sha512-sIpbpz5eMVM+vV+MQzFCidlaa1RsknrQs6LOTKYDjYUDdTAi2AN2bFi94TxB33TifcIsRNV1jebcaxg0tCoPzg=="
    },
    "node_modules/keycharm": {
      "version": "0.4.0",
      "resolved": "https://registry.npmjs.org/keycharm/-/keycharm-0.4.0.tgz",
      "integrity": "sha512-TyQTtsabOVv3MeOpR92sIKk/br9wxS+zGj4BG7CR8YbK4jM3tyIBaF0zhzeBUMx36/Q/iQLOKKOT+3jOQtemRQ==",
      "peer": true
    },
    "node_modules/moment": {
      "version": "2.29.1",
      "resolved": "https://registry.npmjs.org/moment/-/moment-2.29.1.tgz",
      "integrity": "sha512-kHmoybcPV8Sqy59DwNDY3Jefr64lK/by/da0ViFcuA4DH0vQg5Q6Ze5VimxkfQNSC+Mls/Kx53s7TjP1RhFEDQ==",
      "engines": {
        "node": "*"
      }
    },
    "node_modules/moment-timezone": {
      "version": "0.5.33",
      "resolved": "https://registry.npmjs.org/moment-timezone/-/moment-timezone-0.5.33.tgz",
      "integrity": "sha512-PTc2vcT8K9J5/9rDEPe5czSIKgLoGsH8UNpA4qZTVw0Vd/Uz19geE9abbIOQKaAQFcnQ3v5YEXrbSc5BpshH+w==",
      "dependencies": {
        "moment": ">= 2.9.0"
      },
      "engines": {
        "node": "*"
      }
    },
    "node_modules/monaco-editor": {
      "version": "0.27.0",
      "resolved": "https://registry.npmjs.org/monaco-editor/-/monaco-editor-0.27.0.tgz",
      "integrity": "sha512-UhwP78Wb8w0ZSYoKXQNTV/0CHObp6NS3nCt51QfKE6sKyBo5PBsvuDOHoI2ooBakc6uIwByRLHVeT7+yXQe2fQ==",
      "dev": true,
      "license": "MIT"
    },
    "node_modules/parchment": {
      "version": "1.1.4",
      "resolved": "https://registry.npmjs.org/parchment/-/parchment-1.1.4.tgz",
      "integrity": "sha512-J5FBQt/pM2inLzg4hEWmzQx/8h8D0CiDxaG3vyp9rKrQRSDgBlhjdP5jQGgosEajXPSQouXGHOmVdgo7QmJuOg=="
    },
    "node_modules/preact": {
      "version": "10.5.14",
      "resolved": "https://registry.npmjs.org/preact/-/preact-10.5.14.tgz",
      "integrity": "sha512-KojoltCrshZ099ksUZ2OQKfbH66uquFoxHSbnwKbTJHeQNvx42EmC7wQVWNuDt6vC5s3nudRHFtKbpY4ijKlaQ==",
      "funding": {
        "type": "opencollective",
        "url": "https://opencollective.com/preact"
      }
    },
    "node_modules/primefaces": {
      "version": "10.0.0",
      "resolved": "https://registry.npmjs.org/primefaces/-/primefaces-10.0.0.tgz",
      "integrity": "sha512-O/Hb8JX9gHx5cumgUktgRYX5JOJy3NvNlnJ/6LjP5lw7kiPmXW8/cx3xPq2zAzxCBmuswnA2x5QsDyjM/ZoFHQ==",
      "dependencies": {
        "@fullcalendar/common": "^5.5.1",
        "@fullcalendar/core": "^5.5.1",
        "@fullcalendar/daygrid": "^5.5.0",
        "@fullcalendar/interaction": "^5.5.0",
        "@fullcalendar/list": "^5.5.0",
        "@fullcalendar/moment": "^5.5.0",
        "@fullcalendar/timegrid": "^5.5.1",
        "@types/chart.js": "^2.9.31",
        "@types/downloadjs": "^1.4.2",
        "@types/googlemaps": "^3.43.3",
        "@types/hammerjs": "^2.0.39",
        "@types/inputmask": "^5.0.0",
        "@types/jquery": "^3.5.5",
        "@types/jqueryui": "^1.12.15",
        "@types/js-cookie": "^2.2.6",
        "@types/quill": "~1.3.10",
        "@types/raphael": "^2.3.1",
        "autonumeric": "~4.6.0",
        "cropperjs": "^1.5.11",
        "jsplumb": "^2.15.5",
        "moment": "^2.29.1",
        "moment-timezone": "^0.5.33",
        "vis-data": "^7.1.2",
        "vis-timeline": "^7.4.6",
        "vis-util": "^5.0.2"
      }
    },
    "node_modules/propagating-hammerjs": {
      "version": "2.0.1",
      "resolved": "https://registry.npmjs.org/propagating-hammerjs/-/propagating-hammerjs-2.0.1.tgz",
      "integrity": "sha512-PH3zG5whbSxMocphXJzVtvKr+vWAgfkqVvtuwjSJ/apmEACUoiw6auBAT5HYXpZOR0eGcTAfYG5Yl8h91O5Elg==",
      "peer": true,
      "peerDependencies": {
        "@egjs/hammerjs": "^2.0.17"
      }
    },
    "node_modules/tslib": {
      "version": "2.3.1",
      "resolved": "https://registry.npmjs.org/tslib/-/tslib-2.3.1.tgz",
      "integrity": "sha512-77EbyPPpMz+FRFRuAFlWMtmgUWGe9UOG2Z25NqCwiIjRhOf5iKGuzSe5P2w1laq+FkRy4p+PCuVkJSGkzTEKVw=="
    },
    "node_modules/typescript": {
      "version": "4.4.2",
      "resolved": "https://registry.npmjs.org/typescript/-/typescript-4.4.2.tgz",
      "integrity": "sha512-gzP+t5W4hdy4c+68bfcv0t400HVJMMd2+H9B7gae1nQlBzCqvrXX+6GL/b3GAgyTH966pzrZ70/fRjwAtZksSQ==",
      "dev": true,
      "bin": {
        "tsc": "bin/tsc",
        "tsserver": "bin/tsserver"
      },
      "engines": {
        "node": ">=4.2.0"
      }
    },
    "node_modules/uuid": {
      "version": "8.3.2",
      "resolved": "https://registry.npmjs.org/uuid/-/uuid-8.3.2.tgz",
      "integrity": "sha512-+NYs2QeMWy+GWFOEm9xnn6HCDp0l7QBD7ml8zLUmJ+93Q5NF0NocErnwkTkXVFNiX3/fpC6afS8Dhb/gz7R7eg==",
      "peer": true,
      "bin": {
        "uuid": "dist/bin/uuid"
      }
    },
    "node_modules/vis-data": {
      "version": "7.1.2",
      "resolved": "https://registry.npmjs.org/vis-data/-/vis-data-7.1.2.tgz",
      "integrity": "sha512-RPSegFxEcnp3HUEJSzhS2vBdbJ2PSsrYYuhRlpHp2frO/MfRtTYbIkkLZmPkA/Sg3pPfBlR235gcoKbtdm4mbw==",
      "hasInstallScript": true,
      "funding": {
        "type": "opencollective",
        "url": "https://opencollective.com/visjs"
      },
      "peerDependencies": {
        "uuid": "^7.0.0 || ^8.0.0",
        "vis-util": "^4.0.0 || ^5.0.0"
      }
    },
    "node_modules/vis-timeline": {
      "version": "7.4.9",
      "resolved": "https://registry.npmjs.org/vis-timeline/-/vis-timeline-7.4.9.tgz",
      "integrity": "sha512-+Mb829u4Jq9qPhh6EHAa7DRBEwXW0AclaXndxAC7e772oI5pMSAbhbKsQXsPYRPkf9vtac3/US+WPHJQYjGsRA==",
      "hasInstallScript": true,
      "funding": {
        "type": "opencollective",
        "url": "https://opencollective.com/visjs"
      },
      "peerDependencies": {
        "@egjs/hammerjs": "^2.0.0",
        "component-emitter": "^1.3.0",
        "keycharm": "^0.3.0 || ^0.4.0",
        "moment": "^2.24.0",
        "propagating-hammerjs": "^1.4.0 || ^2.0.0",
        "uuid": "^3.4.0 || ^7.0.0 || ^8.0.0",
        "vis-data": "^6.3.0 || ^7.0.0",
        "vis-util": "^3.0.0 || ^4.0.0 || ^5.0.0",
        "xss": "^1.0.0"
      }
    },
    "node_modules/vis-util": {
      "version": "5.0.2",
      "resolved": "https://registry.npmjs.org/vis-util/-/vis-util-5.0.2.tgz",
      "integrity": "sha512-oPDmPc4o0uQLoKpKai2XD1DjrhYsA7MRz75Wx9KmfX84e9LLgsbno7jVL5tR0K9eNVQkD6jf0Ei8NtbBHDkF1A==",
      "engines": {
        "node": ">=8"
      },
      "funding": {
        "type": "opencollective",
        "url": "https://opencollective.com/visjs"
      },
      "peerDependencies": {
        "@egjs/hammerjs": "^2.0.0",
        "component-emitter": "^1.3.0"
      }
    },
    "node_modules/xss": {
      "version": "1.0.9",
      "resolved": "https://registry.npmjs.org/xss/-/xss-1.0.9.tgz",
      "integrity": "sha512-2t7FahYnGJys6DpHLhajusId7R0Pm2yTmuL0GV9+mV0ZlaLSnb2toBmppATfg5sWIhZQGlsTLoecSzya+l4EAQ==",
      "peer": true,
      "dependencies": {
        "commander": "^2.20.3",
        "cssfilter": "0.0.10"
      },
      "bin": {
        "xss": "bin/xss"
      },
      "engines": {
        "node": ">= 0.10.0"
      }
    }
  },
  "dependencies": {
    "@egjs/hammerjs": {
      "version": "2.0.17",
      "resolved": "https://registry.npmjs.org/@egjs/hammerjs/-/hammerjs-2.0.17.tgz",
      "integrity": "sha512-XQsZgjm2EcVUiZQf11UBJQfmZeEmOW8DpI1gsFeln6w0ae0ii4dMQEQ0kjl6DspdWX1aGY1/loyXnP0JS06e/A==",
      "peer": true,
      "requires": {
        "@types/hammerjs": "^2.0.36"
      }
    },
    "@fullcalendar/common": {
      "version": "5.9.0",
      "resolved": "https://registry.npmjs.org/@fullcalendar/common/-/common-5.9.0.tgz",
      "integrity": "sha512-wfUDRg53gzUU7Ng1wqjvvM2ncFx+5PiyCq5k2KjEbMourv7m4Zw6B3xlhpQbfUv3WOnbJgwLLNLFEMcsEJpXBQ==",
      "requires": {
        "tslib": "^2.1.0"
      }
    },
    "@fullcalendar/core": {
      "version": "5.9.0",
      "resolved": "https://registry.npmjs.org/@fullcalendar/core/-/core-5.9.0.tgz",
      "integrity": "sha512-3+zSm8ykXqM2vEGYp4P/BEoR2TB0W9mN6zBGZ6SY9y0nC+Fc0+ZXJmFlYmrEYSdO4kmREnlxntkp1+o9mu8PIQ==",
      "requires": {
        "@fullcalendar/common": "~5.9.0",
        "preact": "^10.0.5",
        "tslib": "^2.1.0"
      }
    },
    "@fullcalendar/daygrid": {
      "version": "5.9.0",
      "resolved": "https://registry.npmjs.org/@fullcalendar/daygrid/-/daygrid-5.9.0.tgz",
      "integrity": "sha512-yTYjTM+bjTWfq5uUnSMBH4j1il+b0IAAe+q2UcAeky4iggwn9pi+taUtETtlPTQCSBSWaF8TuEZ3+apB0RrjyQ==",
      "requires": {
        "@fullcalendar/common": "~5.9.0",
        "tslib": "^2.1.0"
      }
    },
    "@fullcalendar/interaction": {
      "version": "5.9.0",
      "resolved": "https://registry.npmjs.org/@fullcalendar/interaction/-/interaction-5.9.0.tgz",
      "integrity": "sha512-bBvcY3Mh2z4rP5AqB8dL76SljPEVCVawNmdQlcKShedhxvkkMR1zMcJ3sgabLBvXqooC9f+PbmEb5LlSGEse3A==",
      "requires": {
        "@fullcalendar/common": "~5.9.0",
        "tslib": "^2.1.0"
      }
    },
    "@fullcalendar/list": {
      "version": "5.9.0",
      "resolved": "https://registry.npmjs.org/@fullcalendar/list/-/list-5.9.0.tgz",
      "integrity": "sha512-bpekkh0RNitVgX33Y3dsorcUEs2E+KJ5qQaH26FNwYShVi1RmqQ7CDNVqIXKiAJwBWMjNJv8xHayTv01XYbmTA==",
      "requires": {
        "@fullcalendar/common": "~5.9.0",
        "tslib": "^2.1.0"
      }
    },
    "@fullcalendar/moment": {
      "version": "5.9.0",
      "resolved": "https://registry.npmjs.org/@fullcalendar/moment/-/moment-5.9.0.tgz",
      "integrity": "sha512-kfB5X5NTrWL0cDeFH8NWiLHDahnz4528mbaoxHw+UZGDYE6YDVtp6v0IO69RfJG6W2oNLCwX8cWV5Wkq7i9Aig==",
      "requires": {
        "@fullcalendar/common": "~5.9.0",
        "tslib": "^2.1.0"
      }
    },
    "@fullcalendar/timegrid": {
      "version": "5.9.0",
      "resolved": "https://registry.npmjs.org/@fullcalendar/timegrid/-/timegrid-5.9.0.tgz",
      "integrity": "sha512-X9JLepHz6hSuiziVkIlgBkx/W/5E4nIqJ6i0LISk3zPFH/Arn0QjQU345ISys8OTwezPUgJvLGrl4Yy4/gRULw==",
      "requires": {
        "@fullcalendar/common": "~5.9.0",
        "@fullcalendar/daygrid": "~5.9.0",
        "tslib": "^2.1.0"
      }
    },
    "@types/chart.js": {
      "version": "2.9.34",
      "resolved": "https://registry.npmjs.org/@types/chart.js/-/chart.js-2.9.34.tgz",
      "integrity": "sha512-CtZVk+kh1IN67dv+fB0CWmCLCRrDJgqOj15qPic2B1VCMovNO6B7Vhf/TgPpNscjhAL1j+qUntDMWb9A4ZmPTg==",
      "requires": {
        "moment": "^2.10.2"
      }
    },
    "@types/downloadjs": {
      "version": "1.4.2",
      "resolved": "https://registry.npmjs.org/@types/downloadjs/-/downloadjs-1.4.2.tgz",
      "integrity": "sha512-9UWO+nrRhwyKcFe45SFc98sWI8RGwpVwtZiZzi0W/dWdrp1SiUWFNANLlAXZb5QCMFDbeRiAQEhRn5btLd4a4w=="
    },
    "@types/googlemaps": {
      "version": "3.43.3",
      "resolved": "https://registry.npmjs.org/@types/googlemaps/-/googlemaps-3.43.3.tgz",
      "integrity": "sha512-ZWNoz/O8MPEpiajvj7QiqCY8tTLFNqNZ/a+s+zTV58wFVNAvvqV4bdGfnsjTb5Cs4V6wEsLrX8XRhmnyYJ2Tdg=="
    },
    "@types/hammerjs": {
      "version": "2.0.40",
      "resolved": "https://registry.npmjs.org/@types/hammerjs/-/hammerjs-2.0.40.tgz",
      "integrity": "sha512-VbjwR1fhsn2h2KXAY4oy1fm7dCxaKy0D+deTb8Ilc3Eo3rc5+5eA4rfYmZaHgNJKxVyI0f6WIXzO2zLkVmQPHA=="
    },
    "@types/inputmask": {
      "version": "5.0.1",
      "resolved": "https://registry.npmjs.org/@types/inputmask/-/inputmask-5.0.1.tgz",
      "integrity": "sha512-pV43uU+Tm//GlLV+tXE0DhDWPvqi/sJBW8Y9BetK8LWo+o39ldVEo649R23Oypl/AIGsZasPlOgr/liR64oCoA=="
    },
    "@types/jquery": {
      "version": "3.5.6",
      "resolved": "https://registry.npmjs.org/@types/jquery/-/jquery-3.5.6.tgz",
      "integrity": "sha512-SmgCQRzGPId4MZQKDj9Hqc6kSXFNWZFHpELkyK8AQhf8Zr6HKfCzFv9ZC1Fv3FyQttJZOlap3qYb12h61iZAIg==",
      "requires": {
        "@types/sizzle": "*"
      }
    },
    "@types/jqueryui": {
      "version": "1.12.16",
      "resolved": "https://registry.npmjs.org/@types/jqueryui/-/jqueryui-1.12.16.tgz",
      "integrity": "sha512-6huAQDpNlso9ayaUT9amBOA3kj02OCeUWs+UvDmbaJmwkHSg/HLsQOoap/D5uveN9ePwl72N45Bl+Frp5xyG1Q==",
      "requires": {
        "@types/jquery": "*"
      }
    },
    "@types/js-cookie": {
      "version": "2.2.7",
      "resolved": "https://registry.npmjs.org/@types/js-cookie/-/js-cookie-2.2.7.tgz",
      "integrity": "sha512-aLkWa0C0vO5b4Sr798E26QgOkss68Un0bLjs7u9qxzPT5CG+8DuNTffWES58YzJs3hrVAOs1wonycqEBqNJubA=="
    },
    "@types/quill": {
      "version": "1.3.10",
      "resolved": "https://registry.npmjs.org/@types/quill/-/quill-1.3.10.tgz",
      "integrity": "sha512-IhW3fPW+bkt9MLNlycw8u8fWb7oO7W5URC9MfZYHBlA24rex9rs23D5DETChu1zvgVdc5ka64ICjJOgQMr6Shw==",
      "requires": {
        "parchment": "^1.1.2"
      }
    },
    "@types/raphael": {
      "version": "2.3.2",
      "resolved": "https://registry.npmjs.org/@types/raphael/-/raphael-2.3.2.tgz",
      "integrity": "sha512-RbEkYHuQbb2LYN0MN+Gk3CN3y0122uTLI41z8l62BFhnxS/ylVkZT2D1PLdmLTu5itV1iHh9SF+kDomY3DrZig=="
    },
    "@types/sizzle": {
      "version": "2.3.2",
      "resolved": "https://registry.npmjs.org/@types/sizzle/-/sizzle-2.3.2.tgz",
      "integrity": "sha512-7EJYyKTL7tFR8+gDbB6Wwz/arpGa0Mywk1TJbNzKzHtzbwVmY4HR9WqS5VV7dsBUKQmPNr192jHr/VpBluj/hg=="
    },
    "autonumeric": {
      "version": "4.6.0",
      "resolved": "https://registry.npmjs.org/autonumeric/-/autonumeric-4.6.0.tgz",
      "integrity": "sha512-bYnD2oD9UMZBTxSWcvXH1MTcp0w+CUBfXe4HI1QJLGzJu+O27Ny5gqzRcFuDsZB9jrZ5SJjqAG0PieJsaUdTcg=="
    },
    "commander": {
      "version": "2.20.3",
      "resolved": "https://registry.npmjs.org/commander/-/commander-2.20.3.tgz",
      "integrity": "sha512-GpVkmM8vF2vQUkj2LvZmD35JxeJOLCwJ9cUkugyk2nuhbv3+mJvpLYYt+0+USMxE+oj+ey/lJEnhZw75x/OMcQ==",
      "peer": true
    },
    "component-emitter": {
      "version": "1.3.0",
      "resolved": "https://registry.npmjs.org/component-emitter/-/component-emitter-1.3.0.tgz",
      "integrity": "sha512-Rd3se6QB+sO1TwqZjscQrurpEPIfO0/yYnSin6Q/rD3mOutHvUrCAhJub3r90uNb+SESBuE0QYoB90YdfatsRg==",
      "peer": true
    },
    "cropperjs": {
      "version": "1.5.12",
      "resolved": "https://registry.npmjs.org/cropperjs/-/cropperjs-1.5.12.tgz",
      "integrity": "sha512-re7UdjE5UnwdrovyhNzZ6gathI4Rs3KGCBSc8HCIjUo5hO42CtzyblmWLj6QWVw7huHyDMfpKxhiO2II77nhDw=="
    },
    "cssfilter": {
      "version": "0.0.10",
      "resolved": "https://registry.npmjs.org/cssfilter/-/cssfilter-0.0.10.tgz",
      "integrity": "sha1-xtJnJjKi5cg+AT5oZKQs6N79IK4=",
      "peer": true
    },
    "jsplumb": {
      "version": "2.15.6",
      "resolved": "https://registry.npmjs.org/jsplumb/-/jsplumb-2.15.6.tgz",
      "integrity": "sha512-sIpbpz5eMVM+vV+MQzFCidlaa1RsknrQs6LOTKYDjYUDdTAi2AN2bFi94TxB33TifcIsRNV1jebcaxg0tCoPzg=="
    },
    "keycharm": {
      "version": "0.4.0",
      "resolved": "https://registry.npmjs.org/keycharm/-/keycharm-0.4.0.tgz",
      "integrity": "sha512-TyQTtsabOVv3MeOpR92sIKk/br9wxS+zGj4BG7CR8YbK4jM3tyIBaF0zhzeBUMx36/Q/iQLOKKOT+3jOQtemRQ==",
      "peer": true
    },
    "moment": {
      "version": "2.29.1",
      "resolved": "https://registry.npmjs.org/moment/-/moment-2.29.1.tgz",
      "integrity": "sha512-kHmoybcPV8Sqy59DwNDY3Jefr64lK/by/da0ViFcuA4DH0vQg5Q6Ze5VimxkfQNSC+Mls/Kx53s7TjP1RhFEDQ=="
    },
    "moment-timezone": {
      "version": "0.5.33",
      "resolved": "https://registry.npmjs.org/moment-timezone/-/moment-timezone-0.5.33.tgz",
      "integrity": "sha512-PTc2vcT8K9J5/9rDEPe5czSIKgLoGsH8UNpA4qZTVw0Vd/Uz19geE9abbIOQKaAQFcnQ3v5YEXrbSc5BpshH+w==",
      "requires": {
        "moment": ">= 2.9.0"
      }
    },
    "monaco-editor": {
      "version": "0.27.0",
      "resolved": "https://registry.npmjs.org/monaco-editor/-/monaco-editor-0.27.0.tgz",
      "integrity": "sha512-UhwP78Wb8w0ZSYoKXQNTV/0CHObp6NS3nCt51QfKE6sKyBo5PBsvuDOHoI2ooBakc6uIwByRLHVeT7+yXQe2fQ==",
      "dev": true
    },
    "parchment": {
      "version": "1.1.4",
      "resolved": "https://registry.npmjs.org/parchment/-/parchment-1.1.4.tgz",
      "integrity": "sha512-J5FBQt/pM2inLzg4hEWmzQx/8h8D0CiDxaG3vyp9rKrQRSDgBlhjdP5jQGgosEajXPSQouXGHOmVdgo7QmJuOg=="
    },
    "preact": {
      "version": "10.5.14",
      "resolved": "https://registry.npmjs.org/preact/-/preact-10.5.14.tgz",
      "integrity": "sha512-KojoltCrshZ099ksUZ2OQKfbH66uquFoxHSbnwKbTJHeQNvx42EmC7wQVWNuDt6vC5s3nudRHFtKbpY4ijKlaQ=="
    },
    "primefaces": {
      "version": "10.0.0",
      "resolved": "https://registry.npmjs.org/primefaces/-/primefaces-10.0.0.tgz",
      "integrity": "sha512-O/Hb8JX9gHx5cumgUktgRYX5JOJy3NvNlnJ/6LjP5lw7kiPmXW8/cx3xPq2zAzxCBmuswnA2x5QsDyjM/ZoFHQ==",
      "requires": {
        "@fullcalendar/common": "^5.5.1",
        "@fullcalendar/core": "^5.5.1",
        "@fullcalendar/daygrid": "^5.5.0",
        "@fullcalendar/interaction": "^5.5.0",
        "@fullcalendar/list": "^5.5.0",
        "@fullcalendar/moment": "^5.5.0",
        "@fullcalendar/timegrid": "^5.5.1",
        "@types/chart.js": "^2.9.31",
        "@types/downloadjs": "^1.4.2",
        "@types/googlemaps": "^3.43.3",
        "@types/hammerjs": "^2.0.39",
        "@types/inputmask": "^5.0.0",
        "@types/jquery": "^3.5.5",
        "@types/jqueryui": "^1.12.15",
        "@types/js-cookie": "^2.2.6",
        "@types/quill": "~1.3.10",
        "@types/raphael": "^2.3.1",
        "autonumeric": "~4.6.0",
        "cropperjs": "^1.5.11",
        "jsplumb": "^2.15.5",
        "moment": "^2.29.1",
        "moment-timezone": "^0.5.33",
        "vis-data": "^7.1.2",
        "vis-timeline": "^7.4.6",
        "vis-util": "^5.0.2"
      }
    },
    "propagating-hammerjs": {
      "version": "2.0.1",
      "resolved": "https://registry.npmjs.org/propagating-hammerjs/-/propagating-hammerjs-2.0.1.tgz",
      "integrity": "sha512-PH3zG5whbSxMocphXJzVtvKr+vWAgfkqVvtuwjSJ/apmEACUoiw6auBAT5HYXpZOR0eGcTAfYG5Yl8h91O5Elg==",
      "peer": true,
      "requires": {}
    },
    "tslib": {
      "version": "2.3.1",
      "resolved": "https://registry.npmjs.org/tslib/-/tslib-2.3.1.tgz",
      "integrity": "sha512-77EbyPPpMz+FRFRuAFlWMtmgUWGe9UOG2Z25NqCwiIjRhOf5iKGuzSe5P2w1laq+FkRy4p+PCuVkJSGkzTEKVw=="
    },
    "typescript": {
      "version": "4.4.2",
      "resolved": "https://registry.npmjs.org/typescript/-/typescript-4.4.2.tgz",
      "integrity": "sha512-gzP+t5W4hdy4c+68bfcv0t400HVJMMd2+H9B7gae1nQlBzCqvrXX+6GL/b3GAgyTH966pzrZ70/fRjwAtZksSQ==",
      "dev": true
    },
    "uuid": {
      "version": "8.3.2",
      "resolved": "https://registry.npmjs.org/uuid/-/uuid-8.3.2.tgz",
      "integrity": "sha512-+NYs2QeMWy+GWFOEm9xnn6HCDp0l7QBD7ml8zLUmJ+93Q5NF0NocErnwkTkXVFNiX3/fpC6afS8Dhb/gz7R7eg==",
      "peer": true
    },
    "vis-data": {
      "version": "7.1.2",
      "resolved": "https://registry.npmjs.org/vis-data/-/vis-data-7.1.2.tgz",
      "integrity": "sha512-RPSegFxEcnp3HUEJSzhS2vBdbJ2PSsrYYuhRlpHp2frO/MfRtTYbIkkLZmPkA/Sg3pPfBlR235gcoKbtdm4mbw==",
      "requires": {}
    },
    "vis-timeline": {
      "version": "7.4.9",
      "resolved": "https://registry.npmjs.org/vis-timeline/-/vis-timeline-7.4.9.tgz",
      "integrity": "sha512-+Mb829u4Jq9qPhh6EHAa7DRBEwXW0AclaXndxAC7e772oI5pMSAbhbKsQXsPYRPkf9vtac3/US+WPHJQYjGsRA==",
      "requires": {}
    },
    "vis-util": {
      "version": "5.0.2",
      "resolved": "https://registry.npmjs.org/vis-util/-/vis-util-5.0.2.tgz",
      "integrity": "sha512-oPDmPc4o0uQLoKpKai2XD1DjrhYsA7MRz75Wx9KmfX84e9LLgsbno7jVL5tR0K9eNVQkD6jf0Ei8NtbBHDkF1A==",
      "requires": {}
    },
    "xss": {
      "version": "1.0.9",
      "resolved": "https://registry.npmjs.org/xss/-/xss-1.0.9.tgz",
      "integrity": "sha512-2t7FahYnGJys6DpHLhajusId7R0Pm2yTmuL0GV9+mV0ZlaLSnb2toBmppATfg5sWIhZQGlsTLoecSzya+l4EAQ==",
      "peer": true,
      "requires": {
        "commander": "^2.20.3",
        "cssfilter": "0.0.10"
      }
    }
  }
}
